// !$*UTF8*$!
{
	archiveVersion = 1;
	classes = {
	};
	objectVersion = 46;
	objects = {

/* Begin PBXBuildFile section */
		64C8B39C1BA7780700989BED /* AppDelegate.swift in Sources */ = {isa = PBXBuildFile; fileRef = 64C8B39B1BA7780700989BED /* AppDelegate.swift */; };
		64C8B39E1BA7780700989BED /* ViewController.swift in Sources */ = {isa = PBXBuildFile; fileRef = 64C8B39D1BA7780700989BED /* ViewController.swift */; };
		64C8B3A11BA7780700989BED /* Main.storyboard in Resources */ = {isa = PBXBuildFile; fileRef = 64C8B39F1BA7780700989BED /* Main.storyboard */; };
		64C8B3A31BA7780700989BED /* Assets.xcassets in Resources */ = {isa = PBXBuildFile; fileRef = 64C8B3A21BA7780700989BED /* Assets.xcassets */; };
		64C8B3A61BA7780700989BED /* LaunchScreen.storyboard in Resources */ = {isa = PBXBuildFile; fileRef = 64C8B3A41BA7780700989BED /* LaunchScreen.storyboard */; };
		64C8B3B11BA7780700989BED /* imaginaryAnimalsListerTests.swift in Sources */ = {isa = PBXBuildFile; fileRef = 64C8B3B01BA7780700989BED /* imaginaryAnimalsListerTests.swift */; };
/* End PBXBuildFile section */

/* Begin PBXContainerItemProxy section */
		64C8B3AD1BA7780700989BED /* PBXContainerItemProxy */ = {
			isa = PBXContainerItemProxy;
			containerPortal = 64C8B3901BA7780700989BED /* Project object */;
			proxyType = 1;
			remoteGlobalIDString = 64C8B3971BA7780700989BED;
			remoteInfo = imaginaryAnimalsLister;
		};
/* End PBXContainerItemProxy section */

/* Begin PBXFileReference section */
		64C8B3981BA7780700989BED /* imaginaryAnimalsLister.app */ = {isa = PBXFileReference; explicitFileType = wrapper.application; includeInIndex = 0; path = imaginaryAnimalsLister.app; sourceTree = BUILT_PRODUCTS_DIR; };
		64C8B39B1BA7780700989BED /* AppDelegate.swift */ = {isa = PBXFileReference; lastKnownFileType = sourcecode.swift; path = AppDelegate.swift; sourceTree = "<group>"; };
		64C8B39D1BA7780700989BED /* ViewController.swift */ = {isa = PBXFileReference; lastKnownFileType = sourcecode.swift; path = ViewController.swift; sourceTree = "<group>"; };
		64C8B3A01BA7780700989BED /* Base */ = {isa = PBXFileReference; lastKnownFileType = file.storyboard; name = Base; path = Base.lproj/Main.storyboard; sourceTree = "<group>"; };
		64C8B3A21BA7780700989BED /* Assets.xcassets */ = {isa = PBXFileReference; lastKnownFileType = folder.assetcatalog; path = Assets.xcassets; sourceTree = "<group>"; };
		64C8B3A51BA7780700989BED /* Base */ = {isa = PBXFileReference; lastKnownFileType = file.storyboard; name = Base; path = Base.lproj/LaunchScreen.storyboard; sourceTree = "<group>"; };
		64C8B3A71BA7780700989BED /* Info.plist */ = {isa = PBXFileReference; lastKnownFileType = text.plist.xml; path = Info.plist; sourceTree = "<group>"; };
		64C8B3AC1BA7780700989BED /* imaginaryAnimalsListerTests.xctest */ = {isa = PBXFileReference; explicitFileType = wrapper.cfbundle; includeInIndex = 0; path = imaginaryAnimalsListerTests.xctest; sourceTree = BUILT_PRODUCTS_DIR; };
		64C8B3B01BA7780700989BED /* imaginaryAnimalsListerTests.swift */ = {isa = PBXFileReference; lastKnownFileType = sourcecode.swift; path = imaginaryAnimalsListerTests.swift; sourceTree = "<group>"; };
		64C8B3B21BA7780700989BED /* Info.plist */ = {isa = PBXFileReference; lastKnownFileType = text.plist.xml; path = Info.plist; sourceTree = "<group>"; };
/* End PBXFileReference section */

/* Begin PBXFrameworksBuildPhase section */
		64C8B3951BA7780700989BED /* Frameworks */ = {
			isa = PBXFrameworksBuildPhase;
			buildActionMask = 2147483647;
			files = (
			);
			runOnlyForDeploymentPostprocessing = 0;
		};
		64C8B3A91BA7780700989BED /* Frameworks */ = {
			isa = PBXFrameworksBuildPhase;
			buildActionMask = 2147483647;
			files = (
			);
			runOnlyForDeploymentPostprocessing = 0;
		};
/* End PBXFrameworksBuildPhase section */

/* Begin PBXGroup section */
		64C8B38F1BA7780700989BED = {
			isa = PBXGroup;
			children = (
				64C8B39A1BA7780700989BED /* imaginaryAnimalsLister */,
				64C8B3AF1BA7780700989BED /* imaginaryAnimalsListerTests */,
				64C8B3991BA7780700989BED /* Products */,
			);
			sourceTree = "<group>";
		};
		64C8B3991BA7780700989BED /* Products */ = {
			isa = PBXGroup;
			children = (
				64C8B3981BA7780700989BED /* imaginaryAnimalsLister.app */,
				64C8B3AC1BA7780700989BED /* imaginaryAnimalsListerTests.xctest */,
			);
			name = Products;
			sourceTree = "<group>";
		};
		64C8B39A1BA7780700989BED /* imaginaryAnimalsLister */ = {
			isa = PBXGroup;
			children = (
				64C8B39B1BA7780700989BED /* AppDelegate.swift */,
				64C8B39D1BA7780700989BED /* ViewController.swift */,
				64C8B39F1BA7780700989BED /* Main.storyboard */,
				64C8B3A21BA7780700989BED /* Assets.xcassets */,
				64C8B3A41BA7780700989BED /* LaunchScreen.storyboard */,
				64C8B3A71BA7780700989BED /* Info.plist */,
			);
			path = imaginaryAnimalsLister;
			sourceTree = "<group>";
		};
		64C8B3AF1BA7780700989BED /* imaginaryAnimalsListerTests */ = {
			isa = PBXGroup;
			children = (
				64C8B3B01BA7780700989BED /* imaginaryAnimalsListerTests.swift */,
				64C8B3B21BA7780700989BED /* Info.plist */,
			);
			path = imaginaryAnimalsListerTests;
			sourceTree = "<group>";
		};
/* End PBXGroup section */

/* Begin PBXNativeTarget section */
		64C8B3971BA7780700989BED /* imaginaryAnimalsLister */ = {
			isa = PBXNativeTarget;
			buildConfigurationList = 64C8B3B51BA7780700989BED /* Build configuration list for PBXNativeTarget "imaginaryAnimalsLister" */;
			buildPhases = (
				64C8B3941BA7780700989BED /* Sources */,
				64C8B3951BA7780700989BED /* Frameworks */,
				64C8B3961BA7780700989BED /* Resources */,
			);
			buildRules = (
			);
			dependencies = (
			);
			name = imaginaryAnimalsLister;
			productName = imaginaryAnimalsLister;
			productReference = 64C8B3981BA7780700989BED /* imaginaryAnimalsLister.app */;
			productType = "com.apple.product-type.application";
		};
		64C8B3AB1BA7780700989BED /* imaginaryAnimalsListerTests */ = {
			isa = PBXNativeTarget;
			buildConfigurationList = 64C8B3B81BA7780700989BED /* Build configuration list for PBXNativeTarget "imaginaryAnimalsListerTests" */;
			buildPhases = (
				64C8B3A81BA7780700989BED /* Sources */,
				64C8B3A91BA7780700989BED /* Frameworks */,
				64C8B3AA1BA7780700989BED /* Resources */,
			);
			buildRules = (
			);
			dependencies = (
				64C8B3AE1BA7780700989BED /* PBXTargetDependency */,
			);
			name = imaginaryAnimalsListerTests;
			productName = imaginaryAnimalsListerTests;
			productReference = 64C8B3AC1BA7780700989BED /* imaginaryAnimalsListerTests.xctest */;
			productType = "com.apple.product-type.bundle.unit-test";
		};
/* End PBXNativeTarget section */

/* Begin PBXProject section */
		64C8B3901BA7780700989BED /* Project object */ = {
			isa = PBXProject;
			attributes = {
				LastUpgradeCheck = 0710;
				ORGANIZATIONNAME = "Ryan Lei";
				TargetAttributes = {
					64C8B3971BA7780700989BED = {
						CreatedOnToolsVersion = 7.1;
					};
					64C8B3AB1BA7780700989BED = {
						CreatedOnToolsVersion = 7.1;
						TestTargetID = 64C8B3971BA7780700989BED;
					};
				};
			};
			buildConfigurationList = 64C8B3931BA7780700989BED /* Build configuration list for PBXProject "imaginaryAnimalsLister" */;
			compatibilityVersion = "Xcode 3.2";
			developmentRegion = English;
			hasScannedForEncodings = 0;
			knownRegions = (
				en,
				Base,
			);
			mainGroup = 64C8B38F1BA7780700989BED;
			productRefGroup = 64C8B3991BA7780700989BED /* Products */;
			projectDirPath = "";
			projectRoot = "";
			targets = (
				64C8B3971BA7780700989BED /* imaginaryAnimalsLister */,
				64C8B3AB1BA7780700989BED /* imaginaryAnimalsListerTests */,
			);
		};
/* End PBXProject section */

/* Begin PBXResourcesBuildPhase section */
		64C8B3961BA7780700989BED /* Resources */ = {
			isa = PBXResourcesBuildPhase;
			buildActionMask = 2147483647;
			files = (
				64C8B3A61BA7780700989BED /* LaunchScreen.storyboard in Resources */,
				64C8B3A31BA7780700989BED /* Assets.xcassets in Resources */,
				64C8B3A11BA7780700989BED /* Main.storyboard in Resources */,
			);
			runOnlyForDeploymentPostprocessing = 0;
		};
		64C8B3AA1BA7780700989BED /* Resources */ = {
			isa = PBXResourcesBuildPhase;
			buildActionMask = 2147483647;
			files = (
			);
			runOnlyForDeploymentPostprocessing = 0;
		};
/* End PBXResourcesBuildPhase section */

/* Begin PBXSourcesBuildPhase section */
		64C8B3941BA7780700989BED /* Sources */ = {
			isa = PBXSourcesBuildPhase;
			buildActionMask = 2147483647;
			files = (
				64C8B39E1BA7780700989BED /* ViewController.swift in Sources */,
				64C8B39C1BA7780700989BED /* AppDelegate.swift in Sources */,
			);
			runOnlyForDeploymentPostprocessing = 0;
		};
		64C8B3A81BA7780700989BED /* Sources */ = {
			isa = PBXSourcesBuildPhase;
			buildActionMask = 2147483647;
			files = (
				64C8B3B11BA7780700989BED /* imaginaryAnimalsListerTests.swift in Sources */,
			);
			runOnlyForDeploymentPostprocessing = 0;
		};
/* End PBXSourcesBuildPhase section */

/* Begin PBXTargetDependency section */
		64C8B3AE1BA7780700989BED /* PBXTargetDependency */ = {
			isa = PBXTargetDependency;
			target = 64C8B3971BA7780700989BED /* imaginaryAnimalsLister */;
			targetProxy = 64C8B3AD1BA7780700989BED /* PBXContainerItemProxy */;
		};
/* End PBXTargetDependency section */

/* Begin PBXVariantGroup section */
		64C8B39F1BA7780700989BED /* Main.storyboard */ = {
			isa = PBXVariantGroup;
			children = (
				64C8B3A01BA7780700989BED /* Base */,
			);
			name = Main.storyboard;
			sourceTree = "<group>";
		};
		64C8B3A41BA7780700989BED /* LaunchScreen.storyboard */ = {
			isa = PBXVariantGroup;
			children = (
				64C8B3A51BA7780700989BED /* Base */,
			);
			name = LaunchScreen.storyboard;
			sourceTree = "<group>";
		};
/* End PBXVariantGroup section */

/* Begin XCBuildConfiguration section */
		64C8B3B31BA7780700989BED /* Debug */ = {
			isa = XCBuildConfiguration;
			buildSettings = {
				ALWAYS_SEARCH_USER_PATHS = NO;
				CLANG_CXX_LANGUAGE_STANDARD = "gnu++0x";
				CLANG_CXX_LIBRARY = "libc++";
				CLANG_ENABLE_MODULES = YES;
				CLANG_ENABLE_OBJC_ARC = YES;
				CLANG_WARN_BOOL_CONVERSION = YES;
				CLANG_WARN_CONSTANT_CONVERSION = YES;
				CLANG_WARN_DIRECT_OBJC_ISA_USAGE = YES_ERROR;
				CLANG_WARN_EMPTY_BODY = YES;
				CLANG_WARN_ENUM_CONVERSION = YES;
				CLANG_WARN_INT_CONVERSION = YES;
				CLANG_WARN_OBJC_ROOT_CLASS = YES_ERROR;
				CLANG_WARN_UNREACHABLE_CODE = YES;
				CLANG_WARN__DUPLICATE_METHOD_MATCH = YES;
				"CODE_SIGN_IDENTITY[sdk=iphoneos*]" = "iPhone Developer";
				COPY_PHASE_STRIP = NO;
				DEBUG_INFORMATION_FORMAT = dwarf;
				ENABLE_STRICT_OBJC_MSGSEND = YES;
				ENABLE_TESTABILITY = YES;
				GCC_C_LANGUAGE_STANDARD = gnu99;
				GCC_DYNAMIC_NO_PIC = NO;
				GCC_NO_COMMON_BLOCKS = YES;
				GCC_OPTIMIZATION_LEVEL = 0;
				GCC_PREPROCESSOR_DEFINITIONS = (
					"DEBUG=1",
					"$(inherited)",
				);
				GCC_WARN_64_TO_32_BIT_CONVERSION = YES;
				GCC_WARN_ABOUT_RETURN_TYPE = YES_ERROR;
				GCC_WARN_UNDECLARED_SELECTOR = YES;
				GCC_WARN_UNINITIALIZED_AUTOS = YES_AGGRESSIVE;
				GCC_WARN_UNUSED_FUNCTION = YES;
				GCC_WARN_UNUSED_VARIABLE = YES;
				IPHONEOS_DEPLOYMENT_TARGET = 9.1;
				MTL_ENABLE_DEBUG_INFO = YES;
				ONLY_ACTIVE_ARCH = YES;
				SDKROOT = iphoneos;
				SWIFT_OPTIMIZATION_LEVEL = "-Onone";
			};
			name = Debug;
		};
		64C8B3B41BA7780700989BED /* Release */ = {
			isa = XCBuildConfiguration;
			buildSettings = {
				ALWAYS_SEARCH_USER_PATHS = NO;
				CLANG_CXX_LANGUAGE_STANDARD = "gnu++0x";
				CLANG_CXX_LIBRARY = "libc++";
				CLANG_ENABLE_MODULES = YES;
				CLANG_ENABLE_OBJC_ARC = YES;
				CLANG_WARN_BOOL_CONVERSION = YES;
				CLANG_WARN_CONSTANT_CONVERSION = YES;
				CLANG_WARN_DIRECT_OBJC_ISA_USAGE = YES_ERROR;
				CLANG_WARN_EMPTY_BODY = YES;
				CLANG_WARN_ENUM_CONVERSION = YES;
				CLANG_WARN_INT_CONVERSION = YES;
				CLANG_WARN_OBJC_ROOT_CLASS = YES_ERROR;
				CLANG_WARN_UNREACHABLE_CODE = YES;
				CLANG_WARN__DUPLICATE_METHOD_MATCH = YES;
				"CODE_SIGN_IDENTITY[sdk=iphoneos*]" = "iPhone Developer";
				COPY_PHASE_STRIP = NO;
				DEBUG_INFORMATION_FORMAT = "dwarf-with-dsym";
				ENABLE_NS_ASSERTIONS = NO;
				ENABLE_STRICT_OBJC_MSGSEND = YES;
				GCC_C_LANGUAGE_STANDARD = gnu99;
				GCC_NO_COMMON_BLOCKS = YES;
				GCC_WARN_64_TO_32_BIT_CONVERSION = YES;
				GCC_WARN_ABOUT_RETURN_TYPE = YES_ERROR;
				GCC_WARN_UNDECLARED_SELECTOR = YES;
				GCC_WARN_UNINITIALIZED_AUTOS = YES_AGGRESSIVE;
				GCC_WARN_UNUSED_FUNCTION = YES;
				GCC_WARN_UNUSED_VARIABLE = YES;
				IPHONEOS_DEPLOYMENT_TARGET = 9.1;
				MTL_ENABLE_DEBUG_INFO = NO;
				SDKROOT = iphoneos;
				VALIDATE_PRODUCT = YES;
			};
			name = Release;
		};
		64C8B3B61BA7780700989BED /* Debug */ = {
			isa = XCBuildConfiguration;
			buildSettings = {
				ASSETCATALOG_COMPILER_APPICON_NAME = AppIcon;
				INFOPLIST_FILE = imaginaryAnimalsLister/Info.plist;
				LD_RUNPATH_SEARCH_PATHS = "$(inherited) @executable_path/Frameworks";
				PRODUCT_BUNDLE_IDENTIFIER = epocrates.imaginaryAnimalsLister;
				PRODUCT_NAME = "$(TARGET_NAME)";
			};
			name = Debug;
		};
		64C8B3B71BA7780700989BED /* Release */ = {
			isa = XCBuildConfiguration;
			buildSettings = {
				ASSETCATALOG_COMPILER_APPICON_NAME = AppIcon;
				INFOPLIST_FILE = imaginaryAnimalsLister/Info.plist;
				LD_RUNPATH_SEARCH_PATHS = "$(inherited) @executable_path/Frameworks";
				PRODUCT_BUNDLE_IDENTIFIER = epocrates.imaginaryAnimalsLister;
				PRODUCT_NAME = "$(TARGET_NAME)";
			};
			name = Release;
		};
		64C8B3B91BA7780700989BED /* Debug */ = {
			isa = XCBuildConfiguration;
			buildSettings = {
				BUNDLE_LOADER = "$(TEST_HOST)";
				INFOPLIST_FILE = imaginaryAnimalsListerTests/Info.plist;
				LD_RUNPATH_SEARCH_PATHS = "$(inherited) @executable_path/Frameworks @loader_path/Frameworks";
				PRODUCT_BUNDLE_IDENTIFIER = epocrates.imaginaryAnimalsListerTests;
				PRODUCT_NAME = "$(TARGET_NAME)";
				TEST_HOST = "$(BUILT_PRODUCTS_DIR)/imaginaryAnimalsLister.app/imaginaryAnimalsLister";
			};
			name = Debug;
		};
		64C8B3BA1BA7780700989BED /* Release */ = {
			isa = XCBuildConfiguration;
			buildSettings = {
				BUNDLE_LOADER = "$(TEST_HOST)";
				INFOPLIST_FILE = imaginaryAnimalsListerTests/Info.plist;
				LD_RUNPATH_SEARCH_PATHS = "$(inherited) @executable_path/Frameworks @loader_path/Frameworks";
				PRODUCT_BUNDLE_IDENTIFIER = epocrates.imaginaryAnimalsListerTests;
				PRODUCT_NAME = "$(TARGET_NAME)";
				TEST_HOST = "$(BUILT_PRODUCTS_DIR)/imaginaryAnimalsLister.app/imaginaryAnimalsLister";
			};
			name = Release;
		};
/* End XCBuildConfiguration section */

/* Begin XCConfigurationList section */
		64C8B3931BA7780700989BED /* Build configuration list for PBXProject "imaginaryAnimalsLister" */ = {
			isa = XCConfigurationList;
			buildConfigurations = (
				64C8B3B31BA7780700989BED /* Debug */,
				64C8B3B41BA7780700989BED /* Release */,
			);
			defaultConfigurationIsVisible = 0;
			defaultConfigurationName = Release;
		};
		64C8B3B51BA7780700989BED /* Build configuration list for PBXNativeTarget "imaginaryAnimalsLister" */ = {
			isa = XCConfigurationList;
			buildConfigurations = (
				64C8B3B61BA7780700989BED /* Debug */,
				64C8B3B71BA7780700989BED /* Release */,
			);
			defaultConfigurationIsVisible = 0;
		};
		64C8B3B81BA7780700989BED /* Build configuration list for PBXNativeTarget "imaginaryAnimalsListerTests" */ = {
			isa = XCConfigurationList;
			buildConfigurations = (
				64C8B3B91BA7780700989BED /* Debug */,
				64C8B3BA1BA7780700989BED /* Release */,
			);
			defaultConfigurationIsVisible = 0;
		};
/* End XCConfigurationList section */
	};
	rootObject = 64C8B3901BA7780700989BED /* Project object */;
}
